
Microsoft Visual Studio Solution File, Format Version 12.00
# Visual Studio Version 16
VisualStudioVersion = 25.0.1704.0
MinimumVisualStudioVersion = 10.0.40219.1
Project("{FAE04EC0-301F-11D3-BF4B-00C04F79EFBC}") = "hosted_pool", "hosted_pool\hosted_pool.csproj", "{6180C5EF-22E7-48BE-A445-4ECB73A3532D}"
EndProject
Global
	GlobalSection(SolutionConfigurationPlatforms) = preSolution
		Debug|Any CPU = Debug|Any CPU
		Release|Any CPU = Release|Any CPU
	EndGlobalSection
	GlobalSection(ProjectConfigurationPlatforms) = postSolution
		{6180C5EF-22E7-48BE-A445-4ECB73A3532D}.Debug|Any CPU.ActiveCfg = Debug|Any CPU
		{6180C5EF-22E7-48BE-A445-4ECB73A3532D}.Debug|Any CPU.Build.0 = Debug|Any CPU
		{6180C5EF-22E7-48BE-A445-4ECB73A3532D}.Release|Any CPU.ActiveCfg = Release|Any CPU
		{6180C5EF-22E7-48BE-A445-4ECB73A3532D}.Release|Any CPU.Build.0 = Release|Any CPU
	EndGlobalSection
	GlobalSection(SolutionProperties) = preSolution
		HideSolutionNode = FALSE
	EndGlobalSection
	GlobalSection(ExtensibilityGlobals) = postSolution
		SolutionGuid = {FED0A253-EBBA-4A96-B9D0-937A0D5403DB}
	EndGlobalSection
EndGlobal
